
Microsoft Visual Studio Solution File, Format Version 12.00
# Visual Studio Version 17
VisualStudioVersion = 17.4.33122.133
MinimumVisualStudioVersion = 10.0.40219.1
Project("{9A19103F-16F7-4668-BE54-9A1E7A4F7556}") = "hashes-readonly-bytes", "hashes-readonly-bytes.csproj", "{0E53B239-C0D8-401C-98FA-F544607F94F2}"
EndProject
Global
	GlobalSection(SolutionConfigurationPlatforms) = preSolution
		Debug|Any CPU = Debug|Any CPU
		Release|Any CPU = Release|Any CPU
	EndGlobalSection
	GlobalSection(ProjectConfigurationPlatforms) = postSolution
		{0E53B239-C0D8-401C-98FA-F544607F94F2}.Debug|Any CPU.ActiveCfg = Debug|Any CPU
		{0E53B239-C0D8-401C-98FA-F544607F94F2}.Debug|Any CPU.Build.0 = Debug|Any CPU
		{0E53B239-C0D8-401C-98FA-F544607F94F2}.Release|Any CPU.ActiveCfg = Release|Any CPU
		{0E53B239-C0D8-401C-98FA-F544607F94F2}.Release|Any CPU.Build.0 = Release|Any CPU
	EndGlobalSection
	GlobalSection(SolutionProperties) = preSolution
		HideSolutionNode = FALSE
	EndGlobalSection
	GlobalSection(ExtensibilityGlobals) = postSolution
		SolutionGuid = {F6955978-AC9B-4BAF-8F2C-90BB7D173856}
	EndGlobalSection
EndGlobal
